
Microsoft Visual Studio Solution File, Format Version 12.00
# Visual Studio Version 17
VisualStudioVersion = 17.0.31903.59
MinimumVisualStudioVersion = 10.0.40219.1
Project("{FAE04EC0-301F-11D3-BF4B-00C04F79EFBC}") = "HowManyOfThisType", "HowManyOfThisType\HowManyOfThisType.csproj", "{4167A541-2B28-4A14-A501-467D8C208866}"
EndProject
Project("{FAE04EC0-301F-11D3-BF4B-00C04F79EFBC}") = "TheyCameBefore", "TheyCameBefore\TheyCameBefore.csproj", "{3069C2D4-420E-4872-82AD-22D9E8A7AAAD}"
EndProject
Global
	GlobalSection(SolutionConfigurationPlatforms) = preSolution
		Debug|Any CPU = Debug|Any CPU
		Release|Any CPU = Release|Any CPU
	EndGlobalSection
	GlobalSection(SolutionProperties) = preSolution
		HideSolutionNode = FALSE
	EndGlobalSection
	GlobalSection(ProjectConfigurationPlatforms) = postSolution
		{4167A541-2B28-4A14-A501-467D8C208866}.Debug|Any CPU.ActiveCfg = Debug|Any CPU
		{4167A541-2B28-4A14-A501-467D8C208866}.Debug|Any CPU.Build.0 = Debug|Any CPU
		{4167A541-2B28-4A14-A501-467D8C208866}.Release|Any CPU.ActiveCfg = Release|Any CPU
		{4167A541-2B28-4A14-A501-467D8C208866}.Release|Any CPU.Build.0 = Release|Any CPU
		{3069C2D4-420E-4872-82AD-22D9E8A7AAAD}.Debug|Any CPU.ActiveCfg = Debug|Any CPU
		{3069C2D4-420E-4872-82AD-22D9E8A7AAAD}.Debug|Any CPU.Build.0 = Debug|Any CPU
		{3069C2D4-420E-4872-82AD-22D9E8A7AAAD}.Release|Any CPU.ActiveCfg = Release|Any CPU
		{3069C2D4-420E-4872-82AD-22D9E8A7AAAD}.Release|Any CPU.Build.0 = Release|Any CPU
	EndGlobalSection
EndGlobal
